
Microsoft Visual Studio Solution File, Format Version 12.00
Project("{FAE04EC0-301F-11D3-BF4B-00C04F79EFBC}") = "UrlShortener.Features", "UrlShortener.Features\UrlShortener.Features.csproj", "{28C1A0B8-903C-4211-B5C7-BAC8528D067D}"
EndProject
Project("{FAE04EC0-301F-11D3-BF4B-00C04F79EFBC}") = "UrlShortener.Tests", "UrlShortener.Tests\UrlShortener.Tests.csproj", "{8FDD3FDF-95EF-4104-A7C3-5813E8C1B090}"
EndProject
Global
	GlobalSection(SolutionConfigurationPlatforms) = preSolution
		Debug|Any CPU = Debug|Any CPU
		Debug|x64 = Debug|x64
		Debug|x86 = Debug|x86
		Release|Any CPU = Release|Any CPU
		Release|x64 = Release|x64
		Release|x86 = Release|x86
	EndGlobalSection
	GlobalSection(ProjectConfigurationPlatforms) = postSolution
		{28C1A0B8-903C-4211-B5C7-BAC8528D067D}.Debug|Any CPU.ActiveCfg = Debug|Any CPU
		{28C1A0B8-903C-4211-B5C7-BAC8528D067D}.Debug|Any CPU.Build.0 = Debug|Any CPU
		{28C1A0B8-903C-4211-B5C7-BAC8528D067D}.Debug|x64.ActiveCfg = Debug|Any CPU
		{28C1A0B8-903C-4211-B5C7-BAC8528D067D}.Debug|x64.Build.0 = Debug|Any CPU
		{28C1A0B8-903C-4211-B5C7-BAC8528D067D}.Debug|x86.ActiveCfg = Debug|Any CPU
		{28C1A0B8-903C-4211-B5C7-BAC8528D067D}.Debug|x86.Build.0 = Debug|Any CPU
		{28C1A0B8-903C-4211-B5C7-BAC8528D067D}.Release|Any CPU.ActiveCfg = Release|Any CPU
		{28C1A0B8-903C-4211-B5C7-BAC8528D067D}.Release|Any CPU.Build.0 = Release|Any CPU
		{28C1A0B8-903C-4211-B5C7-BAC8528D067D}.Release|x64.ActiveCfg = Release|Any CPU
		{28C1A0B8-903C-4211-B5C7-BAC8528D067D}.Release|x64.Build.0 = Release|Any CPU
		{28C1A0B8-903C-4211-B5C7-BAC8528D067D}.Release|x86.ActiveCfg = Release|Any CPU
		{28C1A0B8-903C-4211-B5C7-BAC8528D067D}.Release|x86.Build.0 = Release|Any CPU
		{8FDD3FDF-95EF-4104-A7C3-5813E8C1B090}.Debug|Any CPU.ActiveCfg = Debug|Any CPU
		{8FDD3FDF-95EF-4104-A7C3-5813E8C1B090}.Debug|Any CPU.Build.0 = Debug|Any CPU
		{8FDD3FDF-95EF-4104-A7C3-5813E8C1B090}.Debug|x64.ActiveCfg = Debug|Any CPU
		{8FDD3FDF-95EF-4104-A7C3-5813E8C1B090}.Debug|x64.Build.0 = Debug|Any CPU
		{8FDD3FDF-95EF-4104-A7C3-5813E8C1B090}.Debug|x86.ActiveCfg = Debug|Any CPU
		{8FDD3FDF-95EF-4104-A7C3-5813E8C1B090}.Debug|x86.Build.0 = Debug|Any CPU
		{8FDD3FDF-95EF-4104-A7C3-5813E8C1B090}.Release|Any CPU.ActiveCfg = Release|Any CPU
		{8FDD3FDF-95EF-4104-A7C3-5813E8C1B090}.Release|Any CPU.Build.0 = Release|Any CPU
		{8FDD3FDF-95EF-4104-A7C3-5813E8C1B090}.Release|x64.ActiveCfg = Release|Any CPU
		{8FDD3FDF-95EF-4104-A7C3-5813E8C1B090}.Release|x64.Build.0 = Release|Any CPU
		{8FDD3FDF-95EF-4104-A7C3-5813E8C1B090}.Release|x86.ActiveCfg = Release|Any CPU
		{8FDD3FDF-95EF-4104-A7C3-5813E8C1B090}.Release|x86.Build.0 = Release|Any CPU
	EndGlobalSection
	GlobalSection(SolutionProperties) = preSolution
		HideSolutionNode = FALSE
	EndGlobalSection
EndGlobal
